
Microsoft Visual Studio Solution File, Format Version 12.00
# Visual Studio 15
VisualStudioVersion = 15.0.27703.2000
MinimumVisualStudioVersion = 10.0.40219.1
Project("{FAE04EC0-301F-11D3-BF4B-00C04F79EFBC}") = "EF.Core", "EF.Core\EF.Core.csproj", "{F03ACDD2-FF2D-4AFA-952E-566AE78A96B0}"
EndProject
Project("{FAE04EC0-301F-11D3-BF4B-00C04F79EFBC}") = "EF.Data", "EF.Data\EF.Data.csproj", "{BF902327-AD53-4FE9-B461-D72AD0275AAF}"
EndProject
Project("{FAE04EC0-301F-11D3-BF4B-00C04F79EFBC}") = "EF.UnitTest", "EF.UnitTest\EF.UnitTest.csproj", "{2095E3B3-C90A-40B8-8661-3EC6BC89D41A}"
EndProject
Global
	GlobalSection(SolutionConfigurationPlatforms) = preSolution
		Debug|Any CPU = Debug|Any CPU
		Release|Any CPU = Release|Any CPU
	EndGlobalSection
	GlobalSection(ProjectConfigurationPlatforms) = postSolution
		{F03ACDD2-FF2D-4AFA-952E-566AE78A96B0}.Debug|Any CPU.ActiveCfg = Debug|Any CPU
		{F03ACDD2-FF2D-4AFA-952E-566AE78A96B0}.Debug|Any CPU.Build.0 = Debug|Any CPU
		{F03ACDD2-FF2D-4AFA-952E-566AE78A96B0}.Release|Any CPU.ActiveCfg = Release|Any CPU
		{F03ACDD2-FF2D-4AFA-952E-566AE78A96B0}.Release|Any CPU.Build.0 = Release|Any CPU
		{BF902327-AD53-4FE9-B461-D72AD0275AAF}.Debug|Any CPU.ActiveCfg = Debug|Any CPU
		{BF902327-AD53-4FE9-B461-D72AD0275AAF}.Debug|Any CPU.Build.0 = Debug|Any CPU
		{BF902327-AD53-4FE9-B461-D72AD0275AAF}.Release|Any CPU.ActiveCfg = Release|Any CPU
		{BF902327-AD53-4FE9-B461-D72AD0275AAF}.Release|Any CPU.Build.0 = Release|Any CPU
		{2095E3B3-C90A-40B8-8661-3EC6BC89D41A}.Debug|Any CPU.ActiveCfg = Debug|Any CPU
		{2095E3B3-C90A-40B8-8661-3EC6BC89D41A}.Debug|Any CPU.Build.0 = Debug|Any CPU
		{2095E3B3-C90A-40B8-8661-3EC6BC89D41A}.Release|Any CPU.ActiveCfg = Release|Any CPU
		{2095E3B3-C90A-40B8-8661-3EC6BC89D41A}.Release|Any CPU.Build.0 = Release|Any CPU
	EndGlobalSection
	GlobalSection(SolutionProperties) = preSolution
		HideSolutionNode = FALSE
	EndGlobalSection
	GlobalSection(ExtensibilityGlobals) = postSolution
		SolutionGuid = {4B0C3FC6-7F48-4E76-9044-F19187D0814F}
	EndGlobalSection
EndGlobal
